# This file was autogenerated by Stack.
# You should not edit this file by hand.
# For more information, please see the documentation at:
#   https://docs.haskellstack.org/en/stable/lock_files

packages:
- completed:
    hackage: emoji-0.1.0.2@sha256:d995572a5c7dcd28f98eb15c6e387a7b3bda1ac2477ab0d9dba8580d5d7b161f,1273
    pantry-tree:
      sha256: dd9ea90a631342e5db0fc21331ade4d563a685e9125d5a3989eefa8e1b96c6c6
      size: 437
  original:
    hackage: emoji-0.1.0.2
- completed:
    hackage: discord-haskell-1.15.3@sha256:abcd8dfb9fc8bad858ec7aac4873fd58200acba21da78a918c73b65eaa6a592a,5958
    pantry-tree:
      sha256: f6774f1547d4aabe2db431ae8ba4bb42045d40e6a71fa7840cd859fb7da61971
      size: 3241
  original:
    hackage: discord-haskell-1.15.3
- completed:
    name: base-noprelude
    pantry-tree:
      sha256: 8efde0acdfcaa5f8b01f4b954d60df7abd3aad48109080a87c696f8315c61eac
      size: 823
    sha256: d4d029b39d836ea5c5692b73f0811f3c68c7a2c5ec0627b4a8d921de469505c7
    size: 4624
    url: https://github.com/tam-carre/base-noprelude/archive/678164275dbd800f005720dd0798a2d77e7c04f9.tar.gz
    version: 4.16.3.0
  original:
    url: https://github.com/tam-carre/base-noprelude/archive/678164275dbd800f005720dd0798a2d77e7c04f9.tar.gz
snapshots:
- completed:
    sha256: d3ba2e94c3ccbd3da4949243c83b59667c5eb9ffc7646148661c16741bbad1d4
    size: 643623
    url: https://raw.githubusercontent.com/commercialhaskell/stackage-snapshots/master/nightly/2022/10/11.yaml
  original: nightly-2022-10-11
